{
    "version": 3,
    "terraform_version": "0.10.7",
    "serial": 15,
    "lineage": "496f30e3-25c4-4d1a-8c93-76736f78b85a",
    "modules": [
        {
            "path": [
                "root"
            ],
            "outputs": {
                "ip": {
                    "sensitive": false,
                    "type": "string",
                    "value": "47.74.182.61"
                }
            },
            "resources": {
                "alicloud_instance.web": {
                    "type": "alicloud_instance",
                    "depends_on": [
                        "alicloud_key_pair.key_pair",
                        "alicloud_security_group.default",
                        "alicloud_vswitch.terraform_switch"
                    ],
                    "primary": {
                        "id": "i-t4n8zydjlnxyfl9hsubx",
                        "attributes": {
                            "allocate_public_ip": "true",
                            "availability_zone": "ap-southeast-1a",
                            "description": "",
                            "host_name": "iZt4n8zydjlnxyfl9hsubxZ",
                            "id": "i-t4n8zydjlnxyfl9hsubx",
                            "image_id": "m-t4nj36enzsqshlf2h267",
                            "instance_charge_type": "PostPaid",
                            "instance_name": "web",
                            "instance_type": "ecs.e3.small",
                            "internet_charge_type": "PayByTraffic",
                            "internet_max_bandwidth_out": "100",
                            "is_outdated": "true",
                            "key_name": "key-pair-from-terraform",
                            "password": "",
                            "private_ip": "172.16.80.254",
                            "public_ip": "47.74.182.61",
                            "security_groups.#": "1",
                            "security_groups.3928215581": "sg-t4ng85iprsk42lrfxmad",
                            "status": "Running",
                            "subnet_id": "vsw-t4np74uo95age7cv9mcpl",
                            "system_disk_category": "cloud_efficiency",
                            "system_disk_size": "40",
                            "tags.%": "0",
                            "vswitch_id": "vsw-t4np74uo95age7cv9mcpl"
                        },
                        "meta": {},
                        "tainted": false
                    },
                    "deposed": [],
                    "provider": ""
                },
                "alicloud_key_pair.key_pair": {
                    "type": "alicloud_key_pair",
                    "depends_on": [],
                    "primary": {
                        "id": "key-pair-from-terraform",
                        "attributes": {
                            "id": "key-pair-from-terraform",
                            "key_file": "private.pem",
                            "key_name": "key-pair-from-terraform"
                        },
                        "meta": {},
                        "tainted": false
                    },
                    "deposed": [],
                    "provider": ""
                },
                "alicloud_security_group.default": {
                    "type": "alicloud_security_group",
                    "depends_on": [
                        "alicloud_vpc.terraform_vpc"
                    ],
                    "primary": {
                        "id": "sg-t4ng85iprsk42lrfxmad",
                        "attributes": {
                            "description": "default",
                            "id": "sg-t4ng85iprsk42lrfxmad",
                            "name": "default",
                            "vpc_id": "vpc-t4nbun55n9rigq7oukirz"
                        },
                        "meta": {},
                        "tainted": false
                    },
                    "deposed": [],
                    "provider": ""
                },
                "alicloud_security_group_rule.etcd": {
                    "type": "alicloud_security_group_rule",
                    "depends_on": [
                        "alicloud_security_group.default"
                    ],
                    "primary": {
                        "id": "sg-t4ng85iprsk42lrfxmad:ingress:tcp:2379/2380::0.0.0.0/0",
                        "attributes": {
                            "cidr_ip": "0.0.0.0/0",
                            "id": "sg-t4ng85iprsk42lrfxmad:ingress:tcp:2379/2380::0.0.0.0/0",
                            "ip_protocol": "tcp",
                            "nic_type": "intranet",
                            "policy": "accept",
                            "port_range": "2379/2380",
                            "priority": "1",
                            "security_group_id": "sg-t4ng85iprsk42lrfxmad",
                            "source_group_owner_account": "",
                            "source_security_group_id": "",
                            "type": "ingress"
                        },
                        "meta": {},
                        "tainted": false
                    },
                    "deposed": [],
                    "provider": ""
                },
                "alicloud_security_group_rule.heapster": {
                    "type": "alicloud_security_group_rule",
                    "depends_on": [
                        "alicloud_security_group.default"
                    ],
                    "primary": {
                        "id": "sg-t4ng85iprsk42lrfxmad:ingress:tcp:10255/10255::0.0.0.0/0",
                        "attributes": {
                            "cidr_ip": "0.0.0.0/0",
                            "id": "sg-t4ng85iprsk42lrfxmad:ingress:tcp:10255/10255::0.0.0.0/0",
                            "ip_protocol": "tcp",
                            "nic_type": "intranet",
                            "policy": "accept",
                            "port_range": "10255/10255",
                            "priority": "1",
                            "security_group_id": "sg-t4ng85iprsk42lrfxmad",
                            "source_group_owner_account": "",
                            "source_security_group_id": "",
                            "type": "ingress"
                        },
                        "meta": {},
                        "tainted": false
                    },
                    "deposed": [],
                    "provider": ""
                },
                "alicloud_security_group_rule.kube-controller-manager": {
                    "type": "alicloud_security_group_rule",
                    "depends_on": [
                        "alicloud_security_group.default"
                    ],
                    "primary": {
                        "id": "sg-t4ng85iprsk42lrfxmad:ingress:tcp:10252/10252::0.0.0.0/0",
                        "attributes": {
                            "cidr_ip": "0.0.0.0/0",
                            "id": "sg-t4ng85iprsk42lrfxmad:ingress:tcp:10252/10252::0.0.0.0/0",
                            "ip_protocol": "tcp",
                            "nic_type": "intranet",
                            "policy": "accept",
                            "port_range": "10252/10252",
                            "priority": "1",
                            "security_group_id": "sg-t4ng85iprsk42lrfxmad",
                            "source_group_owner_account": "",
                            "source_security_group_id": "",
                            "type": "ingress"
                        },
                        "meta": {},
                        "tainted": false
                    },
                    "deposed": [],
                    "provider": ""
                },
                "alicloud_security_group_rule.kube-scheduler": {
                    "type": "alicloud_security_group_rule",
                    "depends_on": [
                        "alicloud_security_group.default"
                    ],
                    "primary": {
                        "id": "sg-t4ng85iprsk42lrfxmad:ingress:tcp:10251/10251::0.0.0.0/0",
                        "attributes": {
                            "cidr_ip": "0.0.0.0/0",
                            "id": "sg-t4ng85iprsk42lrfxmad:ingress:tcp:10251/10251::0.0.0.0/0",
                            "ip_protocol": "tcp",
                            "nic_type": "intranet",
                            "policy": "accept",
                            "port_range": "10251/10251",
                            "priority": "1",
                            "security_group_id": "sg-t4ng85iprsk42lrfxmad",
                            "source_group_owner_account": "",
                            "source_security_group_id": "",
                            "type": "ingress"
                        },
                        "meta": {},
                        "tainted": false
                    },
                    "deposed": [],
                    "provider": ""
                },
                "alicloud_security_group_rule.kubelet": {
                    "type": "alicloud_security_group_rule",
                    "depends_on": [
                        "alicloud_security_group.default"
                    ],
                    "primary": {
                        "id": "sg-t4ng85iprsk42lrfxmad:ingress:tcp:10250/10250::0.0.0.0/0",
                        "attributes": {
                            "cidr_ip": "0.0.0.0/0",
                            "id": "sg-t4ng85iprsk42lrfxmad:ingress:tcp:10250/10250::0.0.0.0/0",
                            "ip_protocol": "tcp",
                            "nic_type": "intranet",
                            "policy": "accept",
                            "port_range": "10250/10250",
                            "priority": "1",
                            "security_group_id": "sg-t4ng85iprsk42lrfxmad",
                            "source_group_owner_account": "",
                            "source_security_group_id": "",
                            "type": "ingress"
                        },
                        "meta": {},
                        "tainted": false
                    },
                    "deposed": [],
                    "provider": ""
                },
                "alicloud_security_group_rule.kubernetes_api_server": {
                    "type": "alicloud_security_group_rule",
                    "depends_on": [
                        "alicloud_security_group.default"
                    ],
                    "primary": {
                        "id": "sg-t4ng85iprsk42lrfxmad:ingress:tcp:6443/6443::0.0.0.0/0",
                        "attributes": {
                            "cidr_ip": "0.0.0.0/0",
                            "id": "sg-t4ng85iprsk42lrfxmad:ingress:tcp:6443/6443::0.0.0.0/0",
                            "ip_protocol": "tcp",
                            "nic_type": "intranet",
                            "policy": "accept",
                            "port_range": "6443/6443",
                            "priority": "1",
                            "security_group_id": "sg-t4ng85iprsk42lrfxmad",
                            "source_group_owner_account": "",
                            "source_security_group_id": "",
                            "type": "ingress"
                        },
                        "meta": {},
                        "tainted": false
                    },
                    "deposed": [],
                    "provider": ""
                },
                "alicloud_security_group_rule.ping": {
                    "type": "alicloud_security_group_rule",
                    "depends_on": [
                        "alicloud_security_group.default"
                    ],
                    "primary": {
                        "id": "sg-t4ng85iprsk42lrfxmad:ingress:icmp:-1/-1::0.0.0.0/0",
                        "attributes": {
                            "cidr_ip": "0.0.0.0/0",
                            "id": "sg-t4ng85iprsk42lrfxmad:ingress:icmp:-1/-1::0.0.0.0/0",
                            "ip_protocol": "icmp",
                            "nic_type": "intranet",
                            "policy": "accept",
                            "port_range": "-1/-1",
                            "priority": "1",
                            "security_group_id": "sg-t4ng85iprsk42lrfxmad",
                            "source_group_owner_account": "",
                            "source_security_group_id": "",
                            "type": "ingress"
                        },
                        "meta": {},
                        "tainted": false
                    },
                    "deposed": [],
                    "provider": ""
                },
                "alicloud_security_group_rule.ssh": {
                    "type": "alicloud_security_group_rule",
                    "depends_on": [
                        "alicloud_security_group.default"
                    ],
                    "primary": {
                        "id": "sg-t4ng85iprsk42lrfxmad:ingress:tcp:22/22::0.0.0.0/0",
                        "attributes": {
                            "cidr_ip": "0.0.0.0/0",
                            "id": "sg-t4ng85iprsk42lrfxmad:ingress:tcp:22/22::0.0.0.0/0",
                            "ip_protocol": "tcp",
                            "nic_type": "intranet",
                            "policy": "accept",
                            "port_range": "22/22",
                            "priority": "1",
                            "security_group_id": "sg-t4ng85iprsk42lrfxmad",
                            "source_group_owner_account": "",
                            "source_security_group_id": "",
                            "type": "ingress"
                        },
                        "meta": {},
                        "tainted": false
                    },
                    "deposed": [],
                    "provider": ""
                },
                "alicloud_security_group_rule.web": {
                    "type": "alicloud_security_group_rule",
                    "depends_on": [
                        "alicloud_security_group.default"
                    ],
                    "primary": {
                        "id": "sg-t4ng85iprsk42lrfxmad:ingress:tcp:30001/30001::0.0.0.0/0",
                        "attributes": {
                            "cidr_ip": "0.0.0.0/0",
                            "id": "sg-t4ng85iprsk42lrfxmad:ingress:tcp:30001/30001::0.0.0.0/0",
                            "ip_protocol": "tcp",
                            "nic_type": "intranet",
                            "policy": "accept",
                            "port_range": "30001/30001",
                            "priority": "1",
                            "security_group_id": "sg-t4ng85iprsk42lrfxmad",
                            "source_group_owner_account": "",
                            "source_security_group_id": "",
                            "type": "ingress"
                        },
                        "meta": {},
                        "tainted": false
                    },
                    "deposed": [],
                    "provider": ""
                },
                "alicloud_security_group_rule.web-1": {
                    "type": "alicloud_security_group_rule",
                    "depends_on": [
                        "alicloud_security_group.default"
                    ],
                    "primary": {
                        "id": "sg-t4ng85iprsk42lrfxmad:ingress:tcp:80/80::0.0.0.0/0",
                        "attributes": {
                            "cidr_ip": "0.0.0.0/0",
                            "id": "sg-t4ng85iprsk42lrfxmad:ingress:tcp:80/80::0.0.0.0/0",
                            "ip_protocol": "tcp",
                            "nic_type": "intranet",
                            "policy": "accept",
                            "port_range": "80/80",
                            "priority": "1",
                            "security_group_id": "sg-t4ng85iprsk42lrfxmad",
                            "source_group_owner_account": "",
                            "source_security_group_id": "",
                            "type": "ingress"
                        },
                        "meta": {},
                        "tainted": false
                    },
                    "deposed": [],
                    "provider": ""
                },
                "alicloud_vpc.terraform_vpc": {
                    "type": "alicloud_vpc",
                    "depends_on": [],
                    "primary": {
                        "id": "vpc-t4nbun55n9rigq7oukirz",
                        "attributes": {
                            "cidr_block": "172.16.0.0/12",
                            "description": "",
                            "id": "vpc-t4nbun55n9rigq7oukirz",
                            "name": "terraform_vpc",
                            "route_table_id": "vtb-t4nd73kj606nwzefwiv4h",
                            "router_id": "vrt-t4nc7jyj6hd9nbe88uwwg",
                            "router_table_id": "vtb-t4nd73kj606nwzefwiv4h"
                        },
                        "meta": {},
                        "tainted": false
                    },
                    "deposed": [],
                    "provider": ""
                },
                "alicloud_vswitch.terraform_switch": {
                    "type": "alicloud_vswitch",
                    "depends_on": [
                        "alicloud_vpc.terraform_vpc"
                    ],
                    "primary": {
                        "id": "vsw-t4np74uo95age7cv9mcpl",
                        "attributes": {
                            "availability_zone": "ap-southeast-1a",
                            "cidr_block": "172.16.0.0/16",
                            "description": "",
                            "id": "vsw-t4np74uo95age7cv9mcpl",
                            "name": "",
                            "vpc_id": "vpc-t4nbun55n9rigq7oukirz"
                        },
                        "meta": {},
                        "tainted": false
                    },
                    "deposed": [],
                    "provider": ""
                }
            },
            "depends_on": []
        }
    ]
}
