{
    "version": 3,
    "terraform_version": "0.10.7",
    "serial": 2,
    "lineage": "496f30e3-25c4-4d1a-8c93-76736f78b85a",
    "modules": [
        {
            "path": [
                "root"
            ],
            "outputs": {
                "ip": {
                    "sensitive": false,
                    "type": "string",
                    "value": "47.88.224.224"
                }
            },
            "resources": {
                "alicloud_instance.web": {
                    "type": "alicloud_instance",
                    "depends_on": [
                        "alicloud_key_pair.key_pair",
                        "alicloud_security_group.default",
                        "alicloud_vswitch.terraform_switch"
                    ],
                    "primary": {
                        "id": "i-t4n1zz9zmbbjt7uo606p",
                        "attributes": {
                            "allocate_public_ip": "true",
                            "availability_zone": "ap-southeast-1a",
                            "description": "",
                            "host_name": "iZt4n1zz9zmbbjt7uo606pZ",
                            "id": "i-t4n1zz9zmbbjt7uo606p",
                            "image_id": "m-t4nj36enzsqshlf2h267",
                            "instance_charge_type": "PostPaid",
                            "instance_name": "web",
                            "instance_type": "ecs.n1.tiny",
                            "internet_charge_type": "PayByTraffic",
                            "internet_max_bandwidth_out": "100",
                            "is_outdated": "true",
                            "key_name": "key-pair-from-terraform",
                            "password": "",
                            "private_ip": "172.16.68.22",
                            "public_ip": "47.88.224.224",
                            "security_groups.#": "1",
                            "security_groups.595760546": "sg-t4nj36enzsqsq95zu7oa",
                            "status": "Running",
                            "subnet_id": "vsw-t4n8hvooxqwsikpf30ody",
                            "system_disk_category": "cloud_efficiency",
                            "system_disk_size": "40",
                            "tags.%": "0",
                            "vswitch_id": "vsw-t4n8hvooxqwsikpf30ody"
                        },
                        "meta": {},
                        "tainted": false
                    },
                    "deposed": [],
                    "provider": ""
                },
                "alicloud_key_pair.key_pair": {
                    "type": "alicloud_key_pair",
                    "depends_on": [],
                    "primary": {
                        "id": "key-pair-from-terraform",
                        "attributes": {
                            "id": "key-pair-from-terraform",
                            "key_file": "private.pem",
                            "key_name": "key-pair-from-terraform"
                        },
                        "meta": {},
                        "tainted": false
                    },
                    "deposed": [],
                    "provider": ""
                },
                "alicloud_security_group.default": {
                    "type": "alicloud_security_group",
                    "depends_on": [
                        "alicloud_vpc.terraform_vpc"
                    ],
                    "primary": {
                        "id": "sg-t4nj36enzsqsq95zu7oa",
                        "attributes": {
                            "description": "default",
                            "id": "sg-t4nj36enzsqsq95zu7oa",
                            "name": "default",
                            "vpc_id": "vpc-t4nglj4b3jzd4l6mtntd3"
                        },
                        "meta": {},
                        "tainted": false
                    },
                    "deposed": [],
                    "provider": ""
                },
                "alicloud_security_group_rule.ping": {
                    "type": "alicloud_security_group_rule",
                    "depends_on": [
                        "alicloud_security_group.default"
                    ],
                    "primary": {
                        "id": "sg-t4nj36enzsqsq95zu7oa:ingress:icmp:-1/-1::0.0.0.0/0",
                        "attributes": {
                            "cidr_ip": "0.0.0.0/0",
                            "id": "sg-t4nj36enzsqsq95zu7oa:ingress:icmp:-1/-1::0.0.0.0/0",
                            "ip_protocol": "icmp",
                            "nic_type": "intranet",
                            "policy": "accept",
                            "port_range": "-1/-1",
                            "priority": "1",
                            "security_group_id": "sg-t4nj36enzsqsq95zu7oa",
                            "source_group_owner_account": "",
                            "source_security_group_id": "",
                            "type": "ingress"
                        },
                        "meta": {},
                        "tainted": false
                    },
                    "deposed": [],
                    "provider": ""
                },
                "alicloud_security_group_rule.ssh": {
                    "type": "alicloud_security_group_rule",
                    "depends_on": [
                        "alicloud_security_group.default"
                    ],
                    "primary": {
                        "id": "sg-t4nj36enzsqsq95zu7oa:ingress:tcp:22/22::0.0.0.0/0",
                        "attributes": {
                            "cidr_ip": "0.0.0.0/0",
                            "id": "sg-t4nj36enzsqsq95zu7oa:ingress:tcp:22/22::0.0.0.0/0",
                            "ip_protocol": "tcp",
                            "nic_type": "intranet",
                            "policy": "accept",
                            "port_range": "22/22",
                            "priority": "1",
                            "security_group_id": "sg-t4nj36enzsqsq95zu7oa",
                            "source_group_owner_account": "",
                            "source_security_group_id": "",
                            "type": "ingress"
                        },
                        "meta": {},
                        "tainted": false
                    },
                    "deposed": [],
                    "provider": ""
                },
                "alicloud_vpc.terraform_vpc": {
                    "type": "alicloud_vpc",
                    "depends_on": [],
                    "primary": {
                        "id": "vpc-t4nglj4b3jzd4l6mtntd3",
                        "attributes": {
                            "cidr_block": "172.16.0.0/12",
                            "description": "",
                            "id": "vpc-t4nglj4b3jzd4l6mtntd3",
                            "name": "terraform_vpc",
                            "route_table_id": "vtb-t4n0o9af06cn02biefzvt",
                            "router_id": "vrt-t4nvzyv5nsvfowv6kn90o",
                            "router_table_id": "vtb-t4n0o9af06cn02biefzvt"
                        },
                        "meta": {},
                        "tainted": false
                    },
                    "deposed": [],
                    "provider": ""
                },
                "alicloud_vswitch.terraform_switch": {
                    "type": "alicloud_vswitch",
                    "depends_on": [
                        "alicloud_vpc.terraform_vpc"
                    ],
                    "primary": {
                        "id": "vsw-t4n8hvooxqwsikpf30ody",
                        "attributes": {
                            "availability_zone": "ap-southeast-1a",
                            "cidr_block": "172.16.0.0/16",
                            "description": "",
                            "id": "vsw-t4n8hvooxqwsikpf30ody",
                            "name": "",
                            "vpc_id": "vpc-t4nglj4b3jzd4l6mtntd3"
                        },
                        "meta": {},
                        "tainted": false
                    },
                    "deposed": [],
                    "provider": ""
                }
            },
            "depends_on": []
        }
    ]
}
