{
    "version": 3,
    "terraform_version": "0.10.7",
    "serial": 4,
    "lineage": "496f30e3-25c4-4d1a-8c93-76736f78b85a",
    "modules": [
        {
            "path": [
                "root"
            ],
            "outputs": {
                "ip": {
                    "sensitive": false,
                    "type": "string",
                    "value": "47.88.219.224"
                }
            },
            "resources": {
                "alicloud_instance.web": {
                    "type": "alicloud_instance",
                    "depends_on": [
                        "alicloud_key_pair.key_pair",
                        "alicloud_security_group.default",
                        "alicloud_vswitch.terraform_switch"
                    ],
                    "primary": {
                        "id": "i-t4neefbpoojix0gzncy2",
                        "attributes": {
                            "allocate_public_ip": "true",
                            "availability_zone": "ap-southeast-1a",
                            "description": "",
                            "host_name": "iZt4neefbpoojix0gzncy2Z",
                            "id": "i-t4neefbpoojix0gzncy2",
                            "image_id": "m-t4nj36enzsqshlf2h267",
                            "instance_charge_type": "PostPaid",
                            "instance_name": "web",
                            "instance_type": "ecs.n1.tiny",
                            "internet_charge_type": "PayByTraffic",
                            "internet_max_bandwidth_out": "100",
                            "is_outdated": "true",
                            "key_name": "key-pair-from-terraform",
                            "password": "",
                            "private_ip": "172.16.36.29",
                            "public_ip": "47.88.219.224",
                            "security_groups.#": "1",
                            "security_groups.376583627": "sg-t4n28lyt2y9r3zd4yrux",
                            "status": "Running",
                            "subnet_id": "vsw-t4no0q2rdzsex7uldlqob",
                            "system_disk_category": "cloud_efficiency",
                            "system_disk_size": "40",
                            "tags.%": "0",
                            "vswitch_id": "vsw-t4no0q2rdzsex7uldlqob"
                        },
                        "meta": {},
                        "tainted": false
                    },
                    "deposed": [],
                    "provider": ""
                },
                "alicloud_key_pair.key_pair": {
                    "type": "alicloud_key_pair",
                    "depends_on": [],
                    "primary": {
                        "id": "key-pair-from-terraform",
                        "attributes": {
                            "id": "key-pair-from-terraform",
                            "key_file": "private.pem",
                            "key_name": "key-pair-from-terraform"
                        },
                        "meta": {},
                        "tainted": false
                    },
                    "deposed": [],
                    "provider": ""
                },
                "alicloud_security_group.default": {
                    "type": "alicloud_security_group",
                    "depends_on": [
                        "alicloud_vpc.terraform_vpc"
                    ],
                    "primary": {
                        "id": "sg-t4n28lyt2y9r3zd4yrux",
                        "attributes": {
                            "description": "default",
                            "id": "sg-t4n28lyt2y9r3zd4yrux",
                            "name": "default",
                            "vpc_id": "vpc-t4nrisv93t8wzutcqq2me"
                        },
                        "meta": {},
                        "tainted": false
                    },
                    "deposed": [],
                    "provider": ""
                },
                "alicloud_security_group_rule.ping": {
                    "type": "alicloud_security_group_rule",
                    "depends_on": [
                        "alicloud_security_group.default"
                    ],
                    "primary": {
                        "id": "sg-t4n28lyt2y9r3zd4yrux:ingress:icmp:-1/-1::0.0.0.0/0",
                        "attributes": {
                            "cidr_ip": "0.0.0.0/0",
                            "id": "sg-t4n28lyt2y9r3zd4yrux:ingress:icmp:-1/-1::0.0.0.0/0",
                            "ip_protocol": "icmp",
                            "nic_type": "intranet",
                            "policy": "accept",
                            "port_range": "-1/-1",
                            "priority": "1",
                            "security_group_id": "sg-t4n28lyt2y9r3zd4yrux",
                            "source_group_owner_account": "",
                            "source_security_group_id": "",
                            "type": "ingress"
                        },
                        "meta": {},
                        "tainted": false
                    },
                    "deposed": [],
                    "provider": ""
                },
                "alicloud_security_group_rule.ssh": {
                    "type": "alicloud_security_group_rule",
                    "depends_on": [
                        "alicloud_security_group.default"
                    ],
                    "primary": {
                        "id": "sg-t4n28lyt2y9r3zd4yrux:ingress:tcp:22/22::0.0.0.0/0",
                        "attributes": {
                            "cidr_ip": "0.0.0.0/0",
                            "id": "sg-t4n28lyt2y9r3zd4yrux:ingress:tcp:22/22::0.0.0.0/0",
                            "ip_protocol": "tcp",
                            "nic_type": "intranet",
                            "policy": "accept",
                            "port_range": "22/22",
                            "priority": "1",
                            "security_group_id": "sg-t4n28lyt2y9r3zd4yrux",
                            "source_group_owner_account": "",
                            "source_security_group_id": "",
                            "type": "ingress"
                        },
                        "meta": {},
                        "tainted": false
                    },
                    "deposed": [],
                    "provider": ""
                },
                "alicloud_vpc.terraform_vpc": {
                    "type": "alicloud_vpc",
                    "depends_on": [],
                    "primary": {
                        "id": "vpc-t4nrisv93t8wzutcqq2me",
                        "attributes": {
                            "cidr_block": "172.16.0.0/12",
                            "description": "",
                            "id": "vpc-t4nrisv93t8wzutcqq2me",
                            "name": "terraform_vpc",
                            "route_table_id": "vtb-t4nc8baujig40lstudars",
                            "router_id": "vrt-t4n3ok9wt6lwh7su08p8n",
                            "router_table_id": "vtb-t4nc8baujig40lstudars"
                        },
                        "meta": {},
                        "tainted": false
                    },
                    "deposed": [],
                    "provider": ""
                },
                "alicloud_vswitch.terraform_switch": {
                    "type": "alicloud_vswitch",
                    "depends_on": [
                        "alicloud_vpc.terraform_vpc"
                    ],
                    "primary": {
                        "id": "vsw-t4no0q2rdzsex7uldlqob",
                        "attributes": {
                            "availability_zone": "ap-southeast-1a",
                            "cidr_block": "172.16.0.0/16",
                            "description": "",
                            "id": "vsw-t4no0q2rdzsex7uldlqob",
                            "name": "",
                            "vpc_id": "vpc-t4nrisv93t8wzutcqq2me"
                        },
                        "meta": {},
                        "tainted": false
                    },
                    "deposed": [],
                    "provider": ""
                }
            },
            "depends_on": []
        }
    ]
}
